
Microsoft Visual Studio Solution File, Format Version 12.00
# Visual Studio Version 17
VisualStudioVersion = 17.3.32929.385
MinimumVisualStudioVersion = 10.0.40219.1
Project("{9A19103F-16F7-4668-BE54-9A1E7A4F7556}") = "WFormsApp", "WinFormsApp1\WFormsApp.csproj", "{B758B5F9-50B0-46E4-AA79-70C65D5B91DB}"
EndProject
Global
	GlobalSection(SolutionConfigurationPlatforms) = preSolution
		Debug|Any CPU = Debug|Any CPU
		Release|Any CPU = Release|Any CPU
	EndGlobalSection
	GlobalSection(ProjectConfigurationPlatforms) = postSolution
		{B758B5F9-50B0-46E4-AA79-70C65D5B91DB}.Debug|Any CPU.ActiveCfg = Debug|Any CPU
		{B758B5F9-50B0-46E4-AA79-70C65D5B91DB}.Debug|Any CPU.Build.0 = Debug|Any CPU
		{B758B5F9-50B0-46E4-AA79-70C65D5B91DB}.Release|Any CPU.ActiveCfg = Release|Any CPU
		{B758B5F9-50B0-46E4-AA79-70C65D5B91DB}.Release|Any CPU.Build.0 = Release|Any CPU
	EndGlobalSection
	GlobalSection(SolutionProperties) = preSolution
		HideSolutionNode = FALSE
	EndGlobalSection
	GlobalSection(ExtensibilityGlobals) = postSolution
		SolutionGuid = {D056715A-38DF-4895-BEE4-2128882D638C}
	EndGlobalSection
EndGlobal
